
Microsoft Visual Studio Solution File, Format Version 12.00
# Visual Studio Version 17
VisualStudioVersion = 17.12.35527.113 d17.12
MinimumVisualStudioVersion = 10.0.40219.1
Project("{FAE04EC0-301F-11D3-BF4B-00C04F79EFBC}") = "If Else Switch Case", "If Else Switch Case\If Else Switch Case.csproj", "{1F9587E4-25E6-44A6-84B4-AC23C6F92BCA}"
EndProject
Project("{FAE04EC0-301F-11D3-BF4B-00C04F79EFBC}") = "If Else", "If Else\If Else.csproj", "{79C198ED-AD7E-4E3F-B741-50427515C228}"
EndProject
Global
	GlobalSection(SolutionConfigurationPlatforms) = preSolution
		Debug|Any CPU = Debug|Any CPU
		Release|Any CPU = Release|Any CPU
	EndGlobalSection
	GlobalSection(ProjectConfigurationPlatforms) = postSolution
		{1F9587E4-25E6-44A6-84B4-AC23C6F92BCA}.Debug|Any CPU.ActiveCfg = Debug|Any CPU
		{1F9587E4-25E6-44A6-84B4-AC23C6F92BCA}.Debug|Any CPU.Build.0 = Debug|Any CPU
		{1F9587E4-25E6-44A6-84B4-AC23C6F92BCA}.Release|Any CPU.ActiveCfg = Release|Any CPU
		{1F9587E4-25E6-44A6-84B4-AC23C6F92BCA}.Release|Any CPU.Build.0 = Release|Any CPU
		{79C198ED-AD7E-4E3F-B741-50427515C228}.Debug|Any CPU.ActiveCfg = Debug|Any CPU
		{79C198ED-AD7E-4E3F-B741-50427515C228}.Debug|Any CPU.Build.0 = Debug|Any CPU
		{79C198ED-AD7E-4E3F-B741-50427515C228}.Release|Any CPU.ActiveCfg = Release|Any CPU
		{79C198ED-AD7E-4E3F-B741-50427515C228}.Release|Any CPU.Build.0 = Release|Any CPU
	EndGlobalSection
	GlobalSection(SolutionProperties) = preSolution
		HideSolutionNode = FALSE
	EndGlobalSection
EndGlobal
